<?xml version="1.0" encoding="UTF-8"?>
<!DOCTYPE plist PUBLIC "-//Apple//DTD PLIST 1.0//EN" "http://www.apple.com/DTDs/PropertyList-1.0.dtd">
<plist version="1.0">
<dict>
	<key>archiveVersion</key>
	<string>1</string>
	<key>classes</key>
	<dict/>
	<key>objectVersion</key>
	<string>46</string>
	<key>objects</key>
	<dict>
		<key>0a787c26009aceb464575e32</key>
		<dict>
			<key>buildSettings</key>
			<dict>
				<key>FRAMEWORK_SEARCH_PATHS</key>
				<array>
					<string>$(inherited)</string>
					<string>"$(SRCROOT)"</string>
				</array>
				<key>GCC_PRECOMPILE_PREFIX_HEADER</key>
				<string>YES</string>
				<key>GCC_PREFIX_HEADER</key>
				<string>TestSpace/TestSpace-Prefix.pch</string>
				<key>INFOPLIST_FILE</key>
				<string>TestSpace/TestSpace-Info.plist</string>
				<key>OTHER_LDFLAGS</key>
				<array>
					<string>$(inherited)</string>
					<string>-force_load</string>
					<string>"$(SRCROOT)/calabash.framework/calabash"</string>
					<string>-lstdc++</string>
				</array>
				<key>PRODUCT_NAME</key>
				<string>$(TARGET_NAME)</string>
				<key>WRAPPER_EXTENSION</key>
				<string>app</string>
			</dict>
			<key>isa</key>
			<string>XCBuildConfiguration</string>
			<key>name</key>
			<string>Release</string>
		</dict>
		<key>0b56934fd17615e29dd79f09</key>
		<dict>
			<key>fileRef</key>
			<string>48beddad68f41312780749e5</string>
			<key>isa</key>
			<string>PBXBuildFile</string>
		</dict>
		<key>0ce418876d1de7edfff03622</key>
		<dict>
			<key>fileRef</key>
			<string>4A11A5DE1760EE8100A39897</string>
			<key>isa</key>
			<string>PBXBuildFile</string>
		</dict>
		<key>33cbc2d3fa754a72c495e744</key>
		<dict>
			<key>fileRef</key>
			<string>4A11A5D91760EE8100A39897</string>
			<key>isa</key>
			<string>PBXBuildFile</string>
		</dict>
		<key>3bbc6b16820f570ffec28bb5</key>
		<dict>
			<key>buildConfigurationList</key>
			<string>5d53b7bb50d8f2710c814c68</string>
			<key>buildPhases</key>
			<array>
				<string>49ef984d2f64917a881e3047</string>
				<string>eb8e431d62eb5ef2d2f2a1bc</string>
				<string>5565d918c55d223eb0015c34</string>
			</array>
			<key>buildRules</key>
			<array/>
			<key>dependencies</key>
			<array/>
			<key>isa</key>
			<string>PBXNativeTarget</string>
			<key>name</key>
			<string>TestSpace-cal</string>
			<key>productName</key>
			<string>TestSpace-cal</string>
			<key>productReference</key>
			<string>c7458a6722b076bc22dd8c7c</string>
			<key>productType</key>
			<string>com.apple.product-type.application</string>
		</dict>
		<key>3eb5b498c09c9b86c54bc915</key>
		<dict>
			<key>fileRef</key>
			<string>4A11A5E71760EE8100A39897</string>
			<key>isa</key>
			<string>PBXBuildFile</string>
		</dict>
		<key>48beddad68f41312780749e5</key>
		<dict>
			<key>fileEncoding</key>
			<string>4</string>
			<key>isa</key>
			<string>PBXFileReference</string>
			<key>lastKnownFileType</key>
			<string>wrapper.framework</string>
			<key>name</key>
			<string>CFNetwork.framework</string>
			<key>path</key>
			<string>System/Library/Frameworks/CFNetwork.framework</string>
			<key>sourceTree</key>
			<string>SDKROOT</string>
		</dict>
		<key>49ef984d2f64917a881e3047</key>
		<dict>
			<key>buildActionMask</key>
			<string>2147483647</string>
			<key>files</key>
			<array>
				<string>d5f016f6509ef8c9bdd9bb70</string>
				<string>e18d0592116f60b4f006c16d</string>
				<string>d7fbaf80ade3e690019c370d</string>
			</array>
			<key>isa</key>
			<string>PBXSourcesBuildPhase</string>
			<key>runOnlyForDeploymentPostprocessing</key>
			<string>0</string>
		</dict>
		<key>4A11A5C91760EE8100A39897</key>
		<dict>
			<key>children</key>
			<array>
				<string>4A11A5DB1760EE8100A39897</string>
				<string>4A11A5D41760EE8100A39897</string>
				<string>4A11A5D31760EE8100A39897</string>
			</array>
			<key>isa</key>
			<string>PBXGroup</string>
			<key>sourceTree</key>
			<string>&lt;group&gt;</string>
		</dict>
		<key>4A11A5CA1760EE8100A39897</key>
		<dict>
			<key>attributes</key>
			<dict>
				<key>LastUpgradeCheck</key>
				<string>0460</string>
				<key>ORGANIZATIONNAME</key>
				<string>Stone, Cory D</string>
			</dict>
			<key>buildConfigurationList</key>
			<string>4A11A5CD1760EE8100A39897</string>
			<key>compatibilityVersion</key>
			<string>Xcode 3.2</string>
			<key>developmentRegion</key>
			<string>English</string>
			<key>hasScannedForEncodings</key>
			<string>0</string>
			<key>isa</key>
			<string>PBXProject</string>
			<key>knownRegions</key>
			<array>
				<string>en</string>
			</array>
			<key>mainGroup</key>
			<string>4A11A5C91760EE8100A39897</string>
			<key>productRefGroup</key>
			<string>4A11A5D31760EE8100A39897</string>
			<key>projectDirPath</key>
			<string></string>
			<key>projectRoot</key>
			<string></string>
			<key>targets</key>
			<array>
				<string>4A11A5D11760EE8100A39897</string>
				<string>3bbc6b16820f570ffec28bb5</string>
			</array>
		</dict>
		<key>4A11A5CD1760EE8100A39897</key>
		<dict>
			<key>buildConfigurations</key>
			<array>
				<string>4A11A5F31760EE8100A39897</string>
				<string>4A11A5F41760EE8100A39897</string>
			</array>
			<key>defaultConfigurationIsVisible</key>
			<string>0</string>
			<key>defaultConfigurationName</key>
			<string>Release</string>
			<key>isa</key>
			<string>XCConfigurationList</string>
		</dict>
		<key>4A11A5CE1760EE8100A39897</key>
		<dict>
			<key>buildActionMask</key>
			<string>2147483647</string>
			<key>files</key>
			<array>
				<string>4A11A5E21760EE8100A39897</string>
				<string>4A11A5E61760EE8100A39897</string>
				<string>4A11A5F21760EE8100A39897</string>
			</array>
			<key>isa</key>
			<string>PBXSourcesBuildPhase</string>
			<key>runOnlyForDeploymentPostprocessing</key>
			<string>0</string>
		</dict>
		<key>4A11A5CF1760EE8100A39897</key>
		<dict>
			<key>buildActionMask</key>
			<string>2147483647</string>
			<key>files</key>
			<array>
				<string>700CD79117664C0000082243</string>
				<string>4A11A5D61760EE8100A39897</string>
				<string>4A11A5D81760EE8100A39897</string>
				<string>4A11A5DA1760EE8100A39897</string>
			</array>
			<key>isa</key>
			<string>PBXFrameworksBuildPhase</string>
			<key>runOnlyForDeploymentPostprocessing</key>
			<string>0</string>
		</dict>
		<key>4A11A5D01760EE8100A39897</key>
		<dict>
			<key>buildActionMask</key>
			<string>2147483647</string>
			<key>files</key>
			<array>
				<string>4A11A5E01760EE8100A39897</string>
				<string>4A11A5E81760EE8100A39897</string>
				<string>4A11A5EA1760EE8100A39897</string>
				<string>4A11A5EC1760EE8100A39897</string>
				<string>4A11A5EF1760EE8100A39897</string>
			</array>
			<key>isa</key>
			<string>PBXResourcesBuildPhase</string>
			<key>runOnlyForDeploymentPostprocessing</key>
			<string>0</string>
		</dict>
		<key>4A11A5D11760EE8100A39897</key>
		<dict>
			<key>buildConfigurationList</key>
			<string>4A11A5F51760EE8100A39897</string>
			<key>buildPhases</key>
			<array>
				<string>4A11A5CE1760EE8100A39897</string>
				<string>4A11A5CF1760EE8100A39897</string>
				<string>4A11A5D01760EE8100A39897</string>
			</array>
			<key>buildRules</key>
			<array/>
			<key>dependencies</key>
			<array/>
			<key>isa</key>
			<string>PBXNativeTarget</string>
			<key>name</key>
			<string>TestSpace</string>
			<key>productName</key>
			<string>TestSpace</string>
			<key>productReference</key>
			<string>4A11A5D21760EE8100A39897</string>
			<key>productType</key>
			<string>com.apple.product-type.application</string>
		</dict>
		<key>4A11A5D21760EE8100A39897</key>
		<dict>
			<key>explicitFileType</key>
			<string>wrapper.application</string>
			<key>includeInIndex</key>
			<string>0</string>
			<key>isa</key>
			<string>PBXFileReference</string>
			<key>path</key>
			<string>TestSpace.app</string>
			<key>sourceTree</key>
			<string>BUILT_PRODUCTS_DIR</string>
		</dict>
		<key>4A11A5D31760EE8100A39897</key>
		<dict>
			<key>children</key>
			<array>
				<string>4A11A5D21760EE8100A39897</string>
			</array>
			<key>isa</key>
			<string>PBXGroup</string>
			<key>name</key>
			<string>Products</string>
			<key>sourceTree</key>
			<string>&lt;group&gt;</string>
		</dict>
		<key>4A11A5D41760EE8100A39897</key>
		<dict>
			<key>children</key>
			<array>
				<string>700CD79017664C0000082243</string>
				<string>4A11A5D51760EE8100A39897</string>
				<string>4A11A5D71760EE8100A39897</string>
				<string>4A11A5D91760EE8100A39897</string>
				<string>48beddad68f41312780749e5</string>
				<string>7f83d7d48048ea286555649e</string>
			</array>
			<key>isa</key>
			<string>PBXGroup</string>
			<key>name</key>
			<string>Frameworks</string>
			<key>path</key>
			<string></string>
			<key>sourceTree</key>
			<string>&lt;group&gt;</string>
		</dict>
		<key>4A11A5D51760EE8100A39897</key>
		<dict>
			<key>isa</key>
			<string>PBXFileReference</string>
			<key>lastKnownFileType</key>
			<string>wrapper.framework</string>
			<key>name</key>
			<string>UIKit.framework</string>
			<key>path</key>
			<string>System/Library/Frameworks/UIKit.framework</string>
			<key>sourceTree</key>
			<string>SDKROOT</string>
		</dict>
		<key>4A11A5D61760EE8100A39897</key>
		<dict>
			<key>fileRef</key>
			<string>4A11A5D51760EE8100A39897</string>
			<key>isa</key>
			<string>PBXBuildFile</string>
		</dict>
		<key>4A11A5D71760EE8100A39897</key>
		<dict>
			<key>isa</key>
			<string>PBXFileReference</string>
			<key>lastKnownFileType</key>
			<string>wrapper.framework</string>
			<key>name</key>
			<string>Foundation.framework</string>
			<key>path</key>
			<string>System/Library/Frameworks/Foundation.framework</string>
			<key>sourceTree</key>
			<string>SDKROOT</string>
		</dict>
		<key>4A11A5D81760EE8100A39897</key>
		<dict>
			<key>fileRef</key>
			<string>4A11A5D71760EE8100A39897</string>
			<key>isa</key>
			<string>PBXBuildFile</string>
		</dict>
		<key>4A11A5D91760EE8100A39897</key>
		<dict>
			<key>isa</key>
			<string>PBXFileReference</string>
			<key>lastKnownFileType</key>
			<string>wrapper.framework</string>
			<key>name</key>
			<string>CoreGraphics.framework</string>
			<key>path</key>
			<string>System/Library/Frameworks/CoreGraphics.framework</string>
			<key>sourceTree</key>
			<string>SDKROOT</string>
		</dict>
		<key>4A11A5DA1760EE8100A39897</key>
		<dict>
			<key>fileRef</key>
			<string>4A11A5D91760EE8100A39897</string>
			<key>isa</key>
			<string>PBXBuildFile</string>
		</dict>
		<key>4A11A5DB1760EE8100A39897</key>
		<dict>
			<key>children</key>
			<array>
				<string>4A11A5E41760EE8100A39897</string>
				<string>4A11A5E51760EE8100A39897</string>
				<string>4A11A5ED1760EE8100A39897</string>
				<string>4A11A5F01760EE8100A39897</string>
				<string>4A11A5F11760EE8100A39897</string>
				<string>4A11A5DC1760EE8100A39897</string>
			</array>
			<key>isa</key>
			<string>PBXGroup</string>
			<key>path</key>
			<string>TestSpace</string>
			<key>sourceTree</key>
			<string>&lt;group&gt;</string>
		</dict>
		<key>4A11A5DC1760EE8100A39897</key>
		<dict>
			<key>children</key>
			<array>
				<string>4A11A5DD1760EE8100A39897</string>
				<string>4A11A5DE1760EE8100A39897</string>
				<string>4A11A5E11760EE8100A39897</string>
				<string>4A11A5E31760EE8100A39897</string>
				<string>4A11A5E71760EE8100A39897</string>
				<string>4A11A5E91760EE8100A39897</string>
				<string>4A11A5EB1760EE8100A39897</string>
			</array>
			<key>isa</key>
			<string>PBXGroup</string>
			<key>name</key>
			<string>Supporting Files</string>
			<key>sourceTree</key>
			<string>&lt;group&gt;</string>
		</dict>
		<key>4A11A5DD1760EE8100A39897</key>
		<dict>
			<key>isa</key>
			<string>PBXFileReference</string>
			<key>lastKnownFileType</key>
			<string>text.plist.xml</string>
			<key>path</key>
			<string>TestSpace-Info.plist</string>
			<key>sourceTree</key>
			<string>&lt;group&gt;</string>
		</dict>
		<key>4A11A5DE1760EE8100A39897</key>
		<dict>
			<key>children</key>
			<array>
				<string>4A11A5DF1760EE8100A39897</string>
			</array>
			<key>isa</key>
			<string>PBXVariantGroup</string>
			<key>name</key>
			<string>InfoPlist.strings</string>
			<key>sourceTree</key>
			<string>&lt;group&gt;</string>
		</dict>
		<key>4A11A5DF1760EE8100A39897</key>
		<dict>
			<key>isa</key>
			<string>PBXFileReference</string>
			<key>lastKnownFileType</key>
			<string>text.plist.strings</string>
			<key>name</key>
			<string>en</string>
			<key>path</key>
			<string>en.lproj/InfoPlist.strings</string>
			<key>sourceTree</key>
			<string>&lt;group&gt;</string>
		</dict>
		<key>4A11A5E01760EE8100A39897</key>
		<dict>
			<key>fileRef</key>
			<string>4A11A5DE1760EE8100A39897</string>
			<key>isa</key>
			<string>PBXBuildFile</string>
		</dict>
		<key>4A11A5E11760EE8100A39897</key>
		<dict>
			<key>isa</key>
			<string>PBXFileReference</string>
			<key>lastKnownFileType</key>
			<string>sourcecode.c.objc</string>
			<key>path</key>
			<string>main.m</string>
			<key>sourceTree</key>
			<string>&lt;group&gt;</string>
		</dict>
		<key>4A11A5E21760EE8100A39897</key>
		<dict>
			<key>fileRef</key>
			<string>4A11A5E11760EE8100A39897</string>
			<key>isa</key>
			<string>PBXBuildFile</string>
		</dict>
		<key>4A11A5E31760EE8100A39897</key>
		<dict>
			<key>isa</key>
			<string>PBXFileReference</string>
			<key>lastKnownFileType</key>
			<string>sourcecode.c.h</string>
			<key>path</key>
			<string>TestSpace-Prefix.pch</string>
			<key>sourceTree</key>
			<string>&lt;group&gt;</string>
		</dict>
		<key>4A11A5E41760EE8100A39897</key>
		<dict>
			<key>isa</key>
			<string>PBXFileReference</string>
			<key>lastKnownFileType</key>
			<string>sourcecode.c.h</string>
			<key>path</key>
			<string>AppDelegate.h</string>
			<key>sourceTree</key>
			<string>&lt;group&gt;</string>
		</dict>
		<key>4A11A5E51760EE8100A39897</key>
		<dict>
			<key>isa</key>
			<string>PBXFileReference</string>
			<key>lastKnownFileType</key>
			<string>sourcecode.c.objc</string>
			<key>path</key>
			<string>AppDelegate.m</string>
			<key>sourceTree</key>
			<string>&lt;group&gt;</string>
		</dict>
		<key>4A11A5E61760EE8100A39897</key>
		<dict>
			<key>fileRef</key>
			<string>4A11A5E51760EE8100A39897</string>
			<key>isa</key>
			<string>PBXBuildFile</string>
		</dict>
		<key>4A11A5E71760EE8100A39897</key>
		<dict>
			<key>isa</key>
			<string>PBXFileReference</string>
			<key>lastKnownFileType</key>
			<string>image.png</string>
			<key>path</key>
			<string>Default.png</string>
			<key>sourceTree</key>
			<string>&lt;group&gt;</string>
		</dict>
		<key>4A11A5E81760EE8100A39897</key>
		<dict>
			<key>fileRef</key>
			<string>4A11A5E71760EE8100A39897</string>
			<key>isa</key>
			<string>PBXBuildFile</string>
		</dict>
		<key>4A11A5E91760EE8100A39897</key>
		<dict>
			<key>isa</key>
			<string>PBXFileReference</string>
			<key>lastKnownFileType</key>
			<string>image.png</string>
			<key>path</key>
			<string>Default@2x.png</string>
			<key>sourceTree</key>
			<string>&lt;group&gt;</string>
		</dict>
		<key>4A11A5EA1760EE8100A39897</key>
		<dict>
			<key>fileRef</key>
			<string>4A11A5E91760EE8100A39897</string>
			<key>isa</key>
			<string>PBXBuildFile</string>
		</dict>
		<key>4A11A5EB1760EE8100A39897</key>
		<dict>
			<key>isa</key>
			<string>PBXFileReference</string>
			<key>lastKnownFileType</key>
			<string>image.png</string>
			<key>path</key>
			<string>Default-568h@2x.png</string>
			<key>sourceTree</key>
			<string>&lt;group&gt;</string>
		</dict>
		<key>4A11A5EC1760EE8100A39897</key>
		<dict>
			<key>fileRef</key>
			<string>4A11A5EB1760EE8100A39897</string>
			<key>isa</key>
			<string>PBXBuildFile</string>
		</dict>
		<key>4A11A5ED1760EE8100A39897</key>
		<dict>
			<key>children</key>
			<array>
				<string>4A11A5EE1760EE8100A39897</string>
			</array>
			<key>isa</key>
			<string>PBXVariantGroup</string>
			<key>name</key>
			<string>MainStoryboard.storyboard</string>
			<key>sourceTree</key>
			<string>&lt;group&gt;</string>
		</dict>
		<key>4A11A5EE1760EE8100A39897</key>
		<dict>
			<key>isa</key>
			<string>PBXFileReference</string>
			<key>lastKnownFileType</key>
			<string>file.storyboard</string>
			<key>name</key>
			<string>en</string>
			<key>path</key>
			<string>en.lproj/MainStoryboard.storyboard</string>
			<key>sourceTree</key>
			<string>&lt;group&gt;</string>
		</dict>
		<key>4A11A5EF1760EE8100A39897</key>
		<dict>
			<key>fileRef</key>
			<string>4A11A5ED1760EE8100A39897</string>
			<key>isa</key>
			<string>PBXBuildFile</string>
		</dict>
		<key>4A11A5F01760EE8100A39897</key>
		<dict>
			<key>isa</key>
			<string>PBXFileReference</string>
			<key>lastKnownFileType</key>
			<string>sourcecode.c.h</string>
			<key>path</key>
			<string>ViewController.h</string>
			<key>sourceTree</key>
			<string>&lt;group&gt;</string>
		</dict>
		<key>4A11A5F11760EE8100A39897</key>
		<dict>
			<key>isa</key>
			<string>PBXFileReference</string>
			<key>lastKnownFileType</key>
			<string>sourcecode.c.objc</string>
			<key>path</key>
			<string>ViewController.m</string>
			<key>sourceTree</key>
			<string>&lt;group&gt;</string>
		</dict>
		<key>4A11A5F21760EE8100A39897</key>
		<dict>
			<key>fileRef</key>
			<string>4A11A5F11760EE8100A39897</string>
			<key>isa</key>
			<string>PBXBuildFile</string>
		</dict>
		<key>4A11A5F31760EE8100A39897</key>
		<dict>
			<key>buildSettings</key>
			<dict>
				<key>ALWAYS_SEARCH_USER_PATHS</key>
				<string>NO</string>
				<key>CLANG_CXX_LANGUAGE_STANDARD</key>
				<string>gnu++0x</string>
				<key>CLANG_CXX_LIBRARY</key>
				<string>libc++</string>
				<key>CLANG_ENABLE_OBJC_ARC</key>
				<string>YES</string>
				<key>CLANG_WARN_CONSTANT_CONVERSION</key>
				<string>YES</string>
				<key>CLANG_WARN_EMPTY_BODY</key>
				<string>YES</string>
				<key>CLANG_WARN_ENUM_CONVERSION</key>
				<string>YES</string>
				<key>CLANG_WARN_INT_CONVERSION</key>
				<string>YES</string>
				<key>CLANG_WARN__DUPLICATE_METHOD_MATCH</key>
				<string>YES</string>
				<key>CODE_SIGN_IDENTITY[sdk=iphoneos*]</key>
				<string>iPhone Developer</string>
				<key>COPY_PHASE_STRIP</key>
				<string>NO</string>
				<key>GCC_C_LANGUAGE_STANDARD</key>
				<string>gnu99</string>
				<key>GCC_DYNAMIC_NO_PIC</key>
				<string>NO</string>
				<key>GCC_OPTIMIZATION_LEVEL</key>
				<string>0</string>
				<key>GCC_PREPROCESSOR_DEFINITIONS</key>
				<array>
					<string>DEBUG=1</string>
					<string>$(inherited)</string>
				</array>
				<key>GCC_SYMBOLS_PRIVATE_EXTERN</key>
				<string>NO</string>
				<key>GCC_WARN_ABOUT_RETURN_TYPE</key>
				<string>YES</string>
				<key>GCC_WARN_UNINITIALIZED_AUTOS</key>
				<string>YES</string>
				<key>GCC_WARN_UNUSED_VARIABLE</key>
				<string>YES</string>
				<key>IPHONEOS_DEPLOYMENT_TARGET</key>
				<string>6.1</string>
				<key>ONLY_ACTIVE_ARCH</key>
				<string>YES</string>
				<key>SDKROOT</key>
				<string>iphoneos</string>
			</dict>
			<key>isa</key>
			<string>XCBuildConfiguration</string>
			<key>name</key>
			<string>Debug</string>
		</dict>
		<key>4A11A5F41760EE8100A39897</key>
		<dict>
			<key>buildSettings</key>
			<dict>
				<key>ALWAYS_SEARCH_USER_PATHS</key>
				<string>NO</string>
				<key>CLANG_CXX_LANGUAGE_STANDARD</key>
				<string>gnu++0x</string>
				<key>CLANG_CXX_LIBRARY</key>
				<string>libc++</string>
				<key>CLANG_ENABLE_OBJC_ARC</key>
				<string>YES</string>
				<key>CLANG_WARN_CONSTANT_CONVERSION</key>
				<string>YES</string>
				<key>CLANG_WARN_EMPTY_BODY</key>
				<string>YES</string>
				<key>CLANG_WARN_ENUM_CONVERSION</key>
				<string>YES</string>
				<key>CLANG_WARN_INT_CONVERSION</key>
				<string>YES</string>
				<key>CLANG_WARN__DUPLICATE_METHOD_MATCH</key>
				<string>YES</string>
				<key>CODE_SIGN_IDENTITY[sdk=iphoneos*]</key>
				<string>iPhone Developer</string>
				<key>COPY_PHASE_STRIP</key>
				<string>YES</string>
				<key>GCC_C_LANGUAGE_STANDARD</key>
				<string>gnu99</string>
				<key>GCC_WARN_ABOUT_RETURN_TYPE</key>
				<string>YES</string>
				<key>GCC_WARN_UNINITIALIZED_AUTOS</key>
				<string>YES</string>
				<key>GCC_WARN_UNUSED_VARIABLE</key>
				<string>YES</string>
				<key>IPHONEOS_DEPLOYMENT_TARGET</key>
				<string>6.1</string>
				<key>OTHER_CFLAGS</key>
				<string>-DNS_BLOCK_ASSERTIONS=1</string>
				<key>SDKROOT</key>
				<string>iphoneos</string>
				<key>VALIDATE_PRODUCT</key>
				<string>YES</string>
			</dict>
			<key>isa</key>
			<string>XCBuildConfiguration</string>
			<key>name</key>
			<string>Release</string>
		</dict>
		<key>4A11A5F51760EE8100A39897</key>
		<dict>
			<key>buildConfigurations</key>
			<array>
				<string>4A11A5F61760EE8100A39897</string>
				<string>4A11A5F71760EE8100A39897</string>
			</array>
			<key>defaultConfigurationIsVisible</key>
			<string>0</string>
			<key>defaultConfigurationName</key>
			<string>Release</string>
			<key>isa</key>
			<string>XCConfigurationList</string>
		</dict>
		<key>4A11A5F61760EE8100A39897</key>
		<dict>
			<key>buildSettings</key>
			<dict>
				<key>GCC_PRECOMPILE_PREFIX_HEADER</key>
				<string>YES</string>
				<key>GCC_PREFIX_HEADER</key>
				<string>TestSpace/TestSpace-Prefix.pch</string>
				<key>INFOPLIST_FILE</key>
				<string>TestSpace/TestSpace-Info.plist</string>
				<key>PRODUCT_NAME</key>
				<string>$(TARGET_NAME)</string>
				<key>WRAPPER_EXTENSION</key>
				<string>app</string>
			</dict>
			<key>isa</key>
			<string>XCBuildConfiguration</string>
			<key>name</key>
			<string>Debug</string>
		</dict>
		<key>4A11A5F71760EE8100A39897</key>
		<dict>
			<key>buildSettings</key>
			<dict>
				<key>GCC_PRECOMPILE_PREFIX_HEADER</key>
				<string>YES</string>
				<key>GCC_PREFIX_HEADER</key>
				<string>TestSpace/TestSpace-Prefix.pch</string>
				<key>INFOPLIST_FILE</key>
				<string>TestSpace/TestSpace-Info.plist</string>
				<key>PRODUCT_NAME</key>
				<string>$(TARGET_NAME)</string>
				<key>WRAPPER_EXTENSION</key>
				<string>app</string>
			</dict>
			<key>isa</key>
			<string>XCBuildConfiguration</string>
			<key>name</key>
			<string>Release</string>
		</dict>
		<key>52e49c744a83a6034a5ce2ab</key>
		<dict>
			<key>fileRef</key>
			<string>4A11A5D51760EE8100A39897</string>
			<key>isa</key>
			<string>PBXBuildFile</string>
		</dict>
		<key>5565d918c55d223eb0015c34</key>
		<dict>
			<key>buildActionMask</key>
			<string>2147483647</string>
			<key>files</key>
			<array>
				<string>0ce418876d1de7edfff03622</string>
				<string>3eb5b498c09c9b86c54bc915</string>
				<string>a011d9e55ae15cddee9c8e39</string>
				<string>dc97bc6e3c3a6086556da729</string>
				<string>a3b34e2967470709b5ff8551</string>
			</array>
			<key>isa</key>
			<string>PBXResourcesBuildPhase</string>
			<key>runOnlyForDeploymentPostprocessing</key>
			<string>0</string>
		</dict>
		<key>5d53b7bb50d8f2710c814c68</key>
		<dict>
			<key>buildConfigurations</key>
			<array>
				<string>e4f96ebc9e9741a24fee5775</string>
				<string>0a787c26009aceb464575e32</string>
			</array>
			<key>defaultConfigurationIsVisible</key>
			<string>0</string>
			<key>defaultConfigurationName</key>
			<string>Release</string>
			<key>isa</key>
			<string>XCConfigurationList</string>
		</dict>
		<key>700CD79017664C0000082243</key>
		<dict>
			<key>isa</key>
			<string>PBXFileReference</string>
			<key>lastKnownFileType</key>
			<string>wrapper.framework</string>
			<key>name</key>
			<string>AssetsLibrary.framework</string>
			<key>path</key>
			<string>System/Library/Frameworks/AssetsLibrary.framework</string>
			<key>sourceTree</key>
			<string>SDKROOT</string>
		</dict>
		<key>700CD79117664C0000082243</key>
		<dict>
			<key>fileRef</key>
			<string>700CD79017664C0000082243</string>
			<key>isa</key>
			<string>PBXBuildFile</string>
		</dict>
		<key>7f83d7d48048ea286555649e</key>
		<dict>
			<key>fileEncoding</key>
			<string>4</string>
			<key>isa</key>
			<string>PBXFileReference</string>
			<key>lastKnownFileType</key>
			<string>wrapper.framework</string>
			<key>path</key>
			<string>calabash.framework</string>
			<key>sourceTree</key>
			<string>&lt;group&gt;</string>
		</dict>
		<key>82478e247488b5f640a87d29</key>
		<dict>
			<key>fileRef</key>
			<string>700CD79017664C0000082243</string>
			<key>isa</key>
			<string>PBXBuildFile</string>
		</dict>
		<key>a011d9e55ae15cddee9c8e39</key>
		<dict>
			<key>fileRef</key>
			<string>4A11A5E91760EE8100A39897</string>
			<key>isa</key>
			<string>PBXBuildFile</string>
		</dict>
		<key>a3b34e2967470709b5ff8551</key>
		<dict>
			<key>fileRef</key>
			<string>4A11A5ED1760EE8100A39897</string>
			<key>isa</key>
			<string>PBXBuildFile</string>
		</dict>
		<key>c7458a6722b076bc22dd8c7c</key>
		<dict>
			<key>explicitFileType</key>
			<string>wrapper.application</string>
			<key>includeInIndex</key>
			<string>0</string>
			<key>isa</key>
			<string>PBXFileReference</string>
			<key>path</key>
			<string>TestSpace-cal.app</string>
			<key>sourceTree</key>
			<string>BUILT_PRODUCTS_DIR</string>
		</dict>
		<key>d5f016f6509ef8c9bdd9bb70</key>
		<dict>
			<key>fileRef</key>
			<string>4A11A5E11760EE8100A39897</string>
			<key>isa</key>
			<string>PBXBuildFile</string>
		</dict>
		<key>d7fbaf80ade3e690019c370d</key>
		<dict>
			<key>fileRef</key>
			<string>4A11A5F11760EE8100A39897</string>
			<key>isa</key>
			<string>PBXBuildFile</string>
		</dict>
		<key>dc97bc6e3c3a6086556da729</key>
		<dict>
			<key>fileRef</key>
			<string>4A11A5EB1760EE8100A39897</string>
			<key>isa</key>
			<string>PBXBuildFile</string>
		</dict>
		<key>e18d0592116f60b4f006c16d</key>
		<dict>
			<key>fileRef</key>
			<string>4A11A5E51760EE8100A39897</string>
			<key>isa</key>
			<string>PBXBuildFile</string>
		</dict>
		<key>e3102f35777b6a5d2af8d3c2</key>
		<dict>
			<key>fileRef</key>
			<string>4A11A5D71760EE8100A39897</string>
			<key>isa</key>
			<string>PBXBuildFile</string>
		</dict>
		<key>e4f96ebc9e9741a24fee5775</key>
		<dict>
			<key>buildSettings</key>
			<dict>
				<key>FRAMEWORK_SEARCH_PATHS</key>
				<array>
					<string>$(inherited)</string>
					<string>"$(SRCROOT)"</string>
				</array>
				<key>GCC_PRECOMPILE_PREFIX_HEADER</key>
				<string>YES</string>
				<key>GCC_PREFIX_HEADER</key>
				<string>TestSpace/TestSpace-Prefix.pch</string>
				<key>INFOPLIST_FILE</key>
				<string>TestSpace/TestSpace-Info.plist</string>
				<key>OTHER_LDFLAGS</key>
				<array>
					<string>$(inherited)</string>
					<string>-force_load</string>
					<string>"$(SRCROOT)/calabash.framework/calabash"</string>
					<string>-lstdc++</string>
				</array>
				<key>PRODUCT_NAME</key>
				<string>$(TARGET_NAME)</string>
				<key>WRAPPER_EXTENSION</key>
				<string>app</string>
			</dict>
			<key>isa</key>
			<string>XCBuildConfiguration</string>
			<key>name</key>
			<string>Debug</string>
		</dict>
		<key>e6562ae0bcfebca10aaab440</key>
		<dict>
			<key>fileRef</key>
			<string>7f83d7d48048ea286555649e</string>
			<key>isa</key>
			<string>PBXBuildFile</string>
		</dict>
		<key>eb8e431d62eb5ef2d2f2a1bc</key>
		<dict>
			<key>buildActionMask</key>
			<string>2147483647</string>
			<key>files</key>
			<array>
				<string>82478e247488b5f640a87d29</string>
				<string>52e49c744a83a6034a5ce2ab</string>
				<string>e3102f35777b6a5d2af8d3c2</string>
				<string>33cbc2d3fa754a72c495e744</string>
				<string>0b56934fd17615e29dd79f09</string>
				<string>e6562ae0bcfebca10aaab440</string>
			</array>
			<key>isa</key>
			<string>PBXFrameworksBuildPhase</string>
			<key>runOnlyForDeploymentPostprocessing</key>
			<string>0</string>
		</dict>
	</dict>
	<key>rootObject</key>
	<string>4A11A5CA1760EE8100A39897</string>
</dict>
</plist>
